{
  "originHash" : "5683c16ae79923c15992bbd4112ca507310aa2041cd6bb642f3786d839f2ba50",
  "pins" : [
    {
      "identity" : "factory",
      "kind" : "remoteSourceControl",
      "location" : "https://github.com/hmlongco/Factory",
      "state" : {
        "revision" : "ccc898f21992ebc130bc04cc197460a5ae230bcf",
        "version" : "2.5.3"
      }
    },
    {
      "identity" : "principle",
      "kind" : "remoteSourceControl",
      "location" : "https://bitbucket.org/iam_apps/principle/src/master/Principle/",
      "state" : {
        "revision" : "bd1e0aebbb7214b0ef80d51e3ef8a0247fad760a",
        "version" : "1.5.0"
      }
    }
  ],
  "version" : 3
}
