{
  "originHash" : "3c591b4866f7e66b0aba1d506dfc6646bfbcd76086295562c257912af93be81b",
  "pins" : [
    {
      "identity" : "principle",
      "kind" : "remoteSourceControl",
      "location" : "https://bitbucket.org/iam_apps/principle/src/master/Principle/",
      "state" : {
        "revision" : "bd1e0aebbb7214b0ef80d51e3ef8a0247fad760a",
        "version" : "1.5.0"
      }
    }
  ],
  "version" : 3
}
