// !$*UTF8*$!
{
	archiveVersion = 1;
	classes = {
	};
	objectVersion = 77;
	objects = {

/* Begin PBXBuildFile section */
		BC1467B52DCBDF8B008C7874 /* Storage in Frameworks */ = {isa = PBXBuildFile; productRef = BC1467B42DCBDF8B008C7874 /* Storage */; };
		BC3A50F22DC53BD500B7D0C6 /* Networking in Frameworks */ = {isa = PBXBuildFile; productRef = BC3A50F12DC53BD500B7D0C6 /* Networking */; };
		BC3A50F52DC53D3800B7D0C6 /* Models in Frameworks */ = {isa = PBXBuildFile; productRef = BC3A50F42DC53D3800B7D0C6 /* Models */; };
		BC4EB97F2DD7B3D8003956BF /* SwiftyGif in Frameworks */ = {isa = PBXBuildFile; productRef = BC4EB97E2DD7B3D8003956BF /* SwiftyGif */; };
		BC4EB9922DD7BE21003956BF /* Factory in Frameworks */ = {isa = PBXBuildFile; productRef = BC4EB9912DD7BE21003956BF /* Factory */; };
		BC4EB9942DD7BE21003956BF /* FactoryTesting in Frameworks */ = {isa = PBXBuildFile; productRef = BC4EB9932DD7BE21003956BF /* FactoryTesting */; };
		BCA6029F2E18518500B8B04B /* Domain in Frameworks */ = {isa = PBXBuildFile; productRef = BCA6029E2E18518500B8B04B /* Domain */; };
/* End PBXBuildFile section */

/* Begin PBXContainerItemProxy section */
		BC3A4F222DC4D4AF00B7D0C6 /* PBXContainerItemProxy */ = {
			isa = PBXContainerItemProxy;
			containerPortal = BC3A4F082DC4D4AD00B7D0C6 /* Project object */;
			proxyType = 1;
			remoteGlobalIDString = BC3A4F0F2DC4D4AD00B7D0C6;
			remoteInfo = Sammy;
		};
		BC3A4F2C2DC4D4AF00B7D0C6 /* PBXContainerItemProxy */ = {
			isa = PBXContainerItemProxy;
			containerPortal = BC3A4F082DC4D4AD00B7D0C6 /* Project object */;
			proxyType = 1;
			remoteGlobalIDString = BC3A4F0F2DC4D4AD00B7D0C6;
			remoteInfo = Sammy;
		};
/* End PBXContainerItemProxy section */

/* Begin PBXFileReference section */
		BC3A4F102DC4D4AD00B7D0C6 /* Sammy.app */ = {isa = PBXFileReference; explicitFileType = wrapper.application; includeInIndex = 0; path = Sammy.app; sourceTree = BUILT_PRODUCTS_DIR; };
		BC3A4F212DC4D4AF00B7D0C6 /* SammyTests.xctest */ = {isa = PBXFileReference; explicitFileType = wrapper.cfbundle; includeInIndex = 0; path = SammyTests.xctest; sourceTree = BUILT_PRODUCTS_DIR; };
		BC3A4F2B2DC4D4AF00B7D0C6 /* SammyUITests.xctest */ = {isa = PBXFileReference; explicitFileType = wrapper.cfbundle; includeInIndex = 0; path = SammyUITests.xctest; sourceTree = BUILT_PRODUCTS_DIR; };
/* End PBXFileReference section */

/* Begin PBXFileSystemSynchronizedRootGroup section */
		BC3A4F122DC4D4AD00B7D0C6 /* Sammy */ = {
			isa = PBXFileSystemSynchronizedRootGroup;
			path = Sammy;
			sourceTree = "<group>";
		};
		BC3A4F242DC4D4AF00B7D0C6 /* SammyTests */ = {
			isa = PBXFileSystemSynchronizedRootGroup;
			path = SammyTests;
			sourceTree = "<group>";
		};
		BC3A4F2E2DC4D4AF00B7D0C6 /* SammyUITests */ = {
			isa = PBXFileSystemSynchronizedRootGroup;
			path = SammyUITests;
			sourceTree = "<group>";
		};
/* End PBXFileSystemSynchronizedRootGroup section */

/* Begin PBXFrameworksBuildPhase section */
		BC3A4F0D2DC4D4AD00B7D0C6 /* Frameworks */ = {
			isa = PBXFrameworksBuildPhase;
			buildActionMask = 2147483647;
			files = (
				BC1467B52DCBDF8B008C7874 /* Storage in Frameworks */,
				BCA6029F2E18518500B8B04B /* Domain in Frameworks */,
				BC3A50F52DC53D3800B7D0C6 /* Models in Frameworks */,
				BC4EB9922DD7BE21003956BF /* Factory in Frameworks */,
				BC3A50F22DC53BD500B7D0C6 /* Networking in Frameworks */,
				BC4EB97F2DD7B3D8003956BF /* SwiftyGif in Frameworks */,
			);
			runOnlyForDeploymentPostprocessing = 0;
		};
		BC3A4F1E2DC4D4AF00B7D0C6 /* Frameworks */ = {
			isa = PBXFrameworksBuildPhase;
			buildActionMask = 2147483647;
			files = (
				BC4EB9942DD7BE21003956BF /* FactoryTesting in Frameworks */,
			);
			runOnlyForDeploymentPostprocessing = 0;
		};
		BC3A4F282DC4D4AF00B7D0C6 /* Frameworks */ = {
			isa = PBXFrameworksBuildPhase;
			buildActionMask = 2147483647;
			files = (
			);
			runOnlyForDeploymentPostprocessing = 0;
		};
/* End PBXFrameworksBuildPhase section */

/* Begin PBXGroup section */
		BC3A4F072DC4D4AD00B7D0C6 = {
			isa = PBXGroup;
			children = (
				BC3A4F122DC4D4AD00B7D0C6 /* Sammy */,
				BC3A4F242DC4D4AF00B7D0C6 /* SammyTests */,
				BC3A4F2E2DC4D4AF00B7D0C6 /* SammyUITests */,
				BC3A4F112DC4D4AD00B7D0C6 /* Products */,
			);
			sourceTree = "<group>";
		};
		BC3A4F112DC4D4AD00B7D0C6 /* Products */ = {
			isa = PBXGroup;
			children = (
				BC3A4F102DC4D4AD00B7D0C6 /* Sammy.app */,
				BC3A4F212DC4D4AF00B7D0C6 /* SammyTests.xctest */,
				BC3A4F2B2DC4D4AF00B7D0C6 /* SammyUITests.xctest */,
			);
			name = Products;
			sourceTree = "<group>";
		};
/* End PBXGroup section */

/* Begin PBXNativeTarget section */
		BC3A4F0F2DC4D4AD00B7D0C6 /* Sammy */ = {
			isa = PBXNativeTarget;
			buildConfigurationList = BC3A4F352DC4D4AF00B7D0C6 /* Build configuration list for PBXNativeTarget "Sammy" */;
			buildPhases = (
				BC3A506F2DC50E2B00B7D0C6 /* Run Script */,
				BC3A4F0C2DC4D4AD00B7D0C6 /* Sources */,
				BC3A4F0D2DC4D4AD00B7D0C6 /* Frameworks */,
				BC3A4F0E2DC4D4AD00B7D0C6 /* Resources */,
			);
			buildRules = (
			);
			dependencies = (
			);
			fileSystemSynchronizedGroups = (
				BC3A4F122DC4D4AD00B7D0C6 /* Sammy */,
			);
			name = Sammy;
			packageProductDependencies = (
				BC3A50F12DC53BD500B7D0C6 /* Networking */,
				BC3A50F42DC53D3800B7D0C6 /* Models */,
				BC1467B42DCBDF8B008C7874 /* Storage */,
				BC4EB97E2DD7B3D8003956BF /* SwiftyGif */,
				BC4EB9912DD7BE21003956BF /* Factory */,
				BCA6029E2E18518500B8B04B /* Domain */,
			);
			productName = Sammy;
			productReference = BC3A4F102DC4D4AD00B7D0C6 /* Sammy.app */;
			productType = "com.apple.product-type.application";
		};
		BC3A4F202DC4D4AF00B7D0C6 /* SammyTests */ = {
			isa = PBXNativeTarget;
			buildConfigurationList = BC3A4F382DC4D4AF00B7D0C6 /* Build configuration list for PBXNativeTarget "SammyTests" */;
			buildPhases = (
				BC3A4F1D2DC4D4AF00B7D0C6 /* Sources */,
				BC3A4F1E2DC4D4AF00B7D0C6 /* Frameworks */,
				BC3A4F1F2DC4D4AF00B7D0C6 /* Resources */,
			);
			buildRules = (
			);
			dependencies = (
				BC3A4F232DC4D4AF00B7D0C6 /* PBXTargetDependency */,
			);
			fileSystemSynchronizedGroups = (
				BC3A4F242DC4D4AF00B7D0C6 /* SammyTests */,
			);
			name = SammyTests;
			packageProductDependencies = (
				BC4EB9932DD7BE21003956BF /* FactoryTesting */,
			);
			productName = SammyTests;
			productReference = BC3A4F212DC4D4AF00B7D0C6 /* SammyTests.xctest */;
			productType = "com.apple.product-type.bundle.unit-test";
		};
		BC3A4F2A2DC4D4AF00B7D0C6 /* SammyUITests */ = {
			isa = PBXNativeTarget;
			buildConfigurationList = BC3A4F3B2DC4D4AF00B7D0C6 /* Build configuration list for PBXNativeTarget "SammyUITests" */;
			buildPhases = (
				BC3A4F272DC4D4AF00B7D0C6 /* Sources */,
				BC3A4F282DC4D4AF00B7D0C6 /* Frameworks */,
				BC3A4F292DC4D4AF00B7D0C6 /* Resources */,
			);
			buildRules = (
			);
			dependencies = (
				BC3A4F2D2DC4D4AF00B7D0C6 /* PBXTargetDependency */,
			);
			fileSystemSynchronizedGroups = (
				BC3A4F2E2DC4D4AF00B7D0C6 /* SammyUITests */,
			);
			name = SammyUITests;
			packageProductDependencies = (
			);
			productName = SammyUITests;
			productReference = BC3A4F2B2DC4D4AF00B7D0C6 /* SammyUITests.xctest */;
			productType = "com.apple.product-type.bundle.ui-testing";
		};
/* End PBXNativeTarget section */

/* Begin PBXProject section */
		BC3A4F082DC4D4AD00B7D0C6 /* Project object */ = {
			isa = PBXProject;
			attributes = {
				BuildIndependentTargetsInParallel = 1;
				LastSwiftUpdateCheck = 1620;
				LastUpgradeCheck = 1620;
				TargetAttributes = {
					BC3A4F0F2DC4D4AD00B7D0C6 = {
						CreatedOnToolsVersion = 16.2;
					};
					BC3A4F202DC4D4AF00B7D0C6 = {
						CreatedOnToolsVersion = 16.2;
						TestTargetID = BC3A4F0F2DC4D4AD00B7D0C6;
					};
					BC3A4F2A2DC4D4AF00B7D0C6 = {
						CreatedOnToolsVersion = 16.2;
						TestTargetID = BC3A4F0F2DC4D4AD00B7D0C6;
					};
				};
			};
			buildConfigurationList = BC3A4F0B2DC4D4AD00B7D0C6 /* Build configuration list for PBXProject "Sammy" */;
			developmentRegion = en;
			hasScannedForEncodings = 0;
			knownRegions = (
				en,
				Base,
			);
			mainGroup = BC3A4F072DC4D4AD00B7D0C6;
			minimizedProjectReferenceProxies = 1;
			packageReferences = (
				BC3A50F02DC53BD500B7D0C6 /* XCLocalSwiftPackageReference "Modules/Networking" */,
				BC3A50F32DC53D3800B7D0C6 /* XCLocalSwiftPackageReference "Modules/Models" */,
				BC1467B32DCBDF8B008C7874 /* XCLocalSwiftPackageReference "Modules/Storage" */,
				BC4EB97D2DD7B3D8003956BF /* XCRemoteSwiftPackageReference "SwiftyGif" */,
				BC4EB9902DD7BE21003956BF /* XCRemoteSwiftPackageReference "Factory" */,
				BCA6029D2E18518500B8B04B /* XCLocalSwiftPackageReference "Modules/Domain" */,
			);
			preferredProjectObjectVersion = 77;
			productRefGroup = BC3A4F112DC4D4AD00B7D0C6 /* Products */;
			projectDirPath = "";
			projectRoot = "";
			targets = (
				BC3A4F0F2DC4D4AD00B7D0C6 /* Sammy */,
				BC3A4F202DC4D4AF00B7D0C6 /* SammyTests */,
				BC3A4F2A2DC4D4AF00B7D0C6 /* SammyUITests */,
			);
		};
/* End PBXProject section */

/* Begin PBXResourcesBuildPhase section */
		BC3A4F0E2DC4D4AD00B7D0C6 /* Resources */ = {
			isa = PBXResourcesBuildPhase;
			buildActionMask = 2147483647;
			files = (
			);
			runOnlyForDeploymentPostprocessing = 0;
		};
		BC3A4F1F2DC4D4AF00B7D0C6 /* Resources */ = {
			isa = PBXResourcesBuildPhase;
			buildActionMask = 2147483647;
			files = (
			);
			runOnlyForDeploymentPostprocessing = 0;
		};
		BC3A4F292DC4D4AF00B7D0C6 /* Resources */ = {
			isa = PBXResourcesBuildPhase;
			buildActionMask = 2147483647;
			files = (
			);
			runOnlyForDeploymentPostprocessing = 0;
		};
/* End PBXResourcesBuildPhase section */

/* Begin PBXShellScriptBuildPhase section */
		BC3A506F2DC50E2B00B7D0C6 /* Run Script */ = {
			isa = PBXShellScriptBuildPhase;
			alwaysOutOfDate = 1;
			buildActionMask = 2147483647;
			files = (
			);
			inputFileListPaths = (
			);
			inputPaths = (
			);
			name = "Run Script";
			outputFileListPaths = (
			);
			outputPaths = (
			);
			runOnlyForDeploymentPostprocessing = 0;
			shellPath = /bin/sh;
			shellScript = "# Adds support for Apple Silicon brew directory\nexport PATH=\"$PATH:/opt/homebrew/bin\"\nif which swiftlint; then\n    swiftlint\nelse\n  echo \"warning: SwiftLint not installed, install using brew\"\nfi\n";
		};
/* End PBXShellScriptBuildPhase section */

/* Begin PBXSourcesBuildPhase section */
		BC3A4F0C2DC4D4AD00B7D0C6 /* Sources */ = {
			isa = PBXSourcesBuildPhase;
			buildActionMask = 2147483647;
			files = (
			);
			runOnlyForDeploymentPostprocessing = 0;
		};
		BC3A4F1D2DC4D4AF00B7D0C6 /* Sources */ = {
			isa = PBXSourcesBuildPhase;
			buildActionMask = 2147483647;
			files = (
			);
			runOnlyForDeploymentPostprocessing = 0;
		};
		BC3A4F272DC4D4AF00B7D0C6 /* Sources */ = {
			isa = PBXSourcesBuildPhase;
			buildActionMask = 2147483647;
			files = (
			);
			runOnlyForDeploymentPostprocessing = 0;
		};
/* End PBXSourcesBuildPhase section */

/* Begin PBXTargetDependency section */
		BC3A4F232DC4D4AF00B7D0C6 /* PBXTargetDependency */ = {
			isa = PBXTargetDependency;
			target = BC3A4F0F2DC4D4AD00B7D0C6 /* Sammy */;
			targetProxy = BC3A4F222DC4D4AF00B7D0C6 /* PBXContainerItemProxy */;
		};
		BC3A4F2D2DC4D4AF00B7D0C6 /* PBXTargetDependency */ = {
			isa = PBXTargetDependency;
			target = BC3A4F0F2DC4D4AD00B7D0C6 /* Sammy */;
			targetProxy = BC3A4F2C2DC4D4AF00B7D0C6 /* PBXContainerItemProxy */;
		};
/* End PBXTargetDependency section */

/* Begin XCBuildConfiguration section */
		BC3A4F332DC4D4AF00B7D0C6 /* Debug */ = {
			isa = XCBuildConfiguration;
			buildSettings = {
				ALWAYS_SEARCH_USER_PATHS = NO;
				ASSETCATALOG_COMPILER_GENERATE_SWIFT_ASSET_SYMBOL_EXTENSIONS = YES;
				CLANG_ANALYZER_NONNULL = YES;
				CLANG_ANALYZER_NUMBER_OBJECT_CONVERSION = YES_AGGRESSIVE;
				CLANG_CXX_LANGUAGE_STANDARD = "gnu++20";
				CLANG_ENABLE_MODULES = YES;
				CLANG_ENABLE_OBJC_ARC = YES;
				CLANG_ENABLE_OBJC_WEAK = YES;
				CLANG_WARN_BLOCK_CAPTURE_AUTORELEASING = YES;
				CLANG_WARN_BOOL_CONVERSION = YES;
				CLANG_WARN_COMMA = YES;
				CLANG_WARN_CONSTANT_CONVERSION = YES;
				CLANG_WARN_DEPRECATED_OBJC_IMPLEMENTATIONS = YES;
				CLANG_WARN_DIRECT_OBJC_ISA_USAGE = YES_ERROR;
				CLANG_WARN_DOCUMENTATION_COMMENTS = YES;
				CLANG_WARN_EMPTY_BODY = YES;
				CLANG_WARN_ENUM_CONVERSION = YES;
				CLANG_WARN_INFINITE_RECURSION = YES;
				CLANG_WARN_INT_CONVERSION = YES;
				CLANG_WARN_NON_LITERAL_NULL_CONVERSION = YES;
				CLANG_WARN_OBJC_IMPLICIT_RETAIN_SELF = YES;
				CLANG_WARN_OBJC_LITERAL_CONVERSION = YES;
				CLANG_WARN_OBJC_ROOT_CLASS = YES_ERROR;
				CLANG_WARN_QUOTED_INCLUDE_IN_FRAMEWORK_HEADER = YES;
				CLANG_WARN_RANGE_LOOP_ANALYSIS = YES;
				CLANG_WARN_STRICT_PROTOTYPES = YES;
				CLANG_WARN_SUSPICIOUS_MOVE = YES;
				CLANG_WARN_UNGUARDED_AVAILABILITY = YES_AGGRESSIVE;
				CLANG_WARN_UNREACHABLE_CODE = YES;
				CLANG_WARN__DUPLICATE_METHOD_MATCH = YES;
				COPY_PHASE_STRIP = NO;
				DEBUG_INFORMATION_FORMAT = dwarf;
				ENABLE_STRICT_OBJC_MSGSEND = YES;
				ENABLE_TESTABILITY = YES;
				ENABLE_USER_SCRIPT_SANDBOXING = YES;
				GCC_C_LANGUAGE_STANDARD = gnu17;
				GCC_DYNAMIC_NO_PIC = NO;
				GCC_NO_COMMON_BLOCKS = YES;
				GCC_OPTIMIZATION_LEVEL = 0;
				GCC_PREPROCESSOR_DEFINITIONS = (
					"DEBUG=1",
					"$(inherited)",
				);
				GCC_WARN_64_TO_32_BIT_CONVERSION = YES;
				GCC_WARN_ABOUT_RETURN_TYPE = YES_ERROR;
				GCC_WARN_UNDECLARED_SELECTOR = YES;
				GCC_WARN_UNINITIALIZED_AUTOS = YES_AGGRESSIVE;
				GCC_WARN_UNUSED_FUNCTION = YES;
				GCC_WARN_UNUSED_VARIABLE = YES;
				LOCALIZATION_PREFERS_STRING_CATALOGS = YES;
				MTL_ENABLE_DEBUG_INFO = INCLUDE_SOURCE;
				MTL_FAST_MATH = YES;
				ONLY_ACTIVE_ARCH = YES;
				SWIFT_ACTIVE_COMPILATION_CONDITIONS = "DEBUG $(inherited)";
				SWIFT_OPTIMIZATION_LEVEL = "-Onone";
			};
			name = Debug;
		};
		BC3A4F342DC4D4AF00B7D0C6 /* Release */ = {
			isa = XCBuildConfiguration;
			buildSettings = {
				ALWAYS_SEARCH_USER_PATHS = NO;
				ASSETCATALOG_COMPILER_GENERATE_SWIFT_ASSET_SYMBOL_EXTENSIONS = YES;
				CLANG_ANALYZER_NONNULL = YES;
				CLANG_ANALYZER_NUMBER_OBJECT_CONVERSION = YES_AGGRESSIVE;
				CLANG_CXX_LANGUAGE_STANDARD = "gnu++20";
				CLANG_ENABLE_MODULES = YES;
				CLANG_ENABLE_OBJC_ARC = YES;
				CLANG_ENABLE_OBJC_WEAK = YES;
				CLANG_WARN_BLOCK_CAPTURE_AUTORELEASING = YES;
				CLANG_WARN_BOOL_CONVERSION = YES;
				CLANG_WARN_COMMA = YES;
				CLANG_WARN_CONSTANT_CONVERSION = YES;
				CLANG_WARN_DEPRECATED_OBJC_IMPLEMENTATIONS = YES;
				CLANG_WARN_DIRECT_OBJC_ISA_USAGE = YES_ERROR;
				CLANG_WARN_DOCUMENTATION_COMMENTS = YES;
				CLANG_WARN_EMPTY_BODY = YES;
				CLANG_WARN_ENUM_CONVERSION = YES;
				CLANG_WARN_INFINITE_RECURSION = YES;
				CLANG_WARN_INT_CONVERSION = YES;
				CLANG_WARN_NON_LITERAL_NULL_CONVERSION = YES;
				CLANG_WARN_OBJC_IMPLICIT_RETAIN_SELF = YES;
				CLANG_WARN_OBJC_LITERAL_CONVERSION = YES;
				CLANG_WARN_OBJC_ROOT_CLASS = YES_ERROR;
				CLANG_WARN_QUOTED_INCLUDE_IN_FRAMEWORK_HEADER = YES;
				CLANG_WARN_RANGE_LOOP_ANALYSIS = YES;
				CLANG_WARN_STRICT_PROTOTYPES = YES;
				CLANG_WARN_SUSPICIOUS_MOVE = YES;
				CLANG_WARN_UNGUARDED_AVAILABILITY = YES_AGGRESSIVE;
				CLANG_WARN_UNREACHABLE_CODE = YES;
				CLANG_WARN__DUPLICATE_METHOD_MATCH = YES;
				COPY_PHASE_STRIP = NO;
				DEBUG_INFORMATION_FORMAT = "dwarf-with-dsym";
				ENABLE_NS_ASSERTIONS = NO;
				ENABLE_STRICT_OBJC_MSGSEND = YES;
				ENABLE_USER_SCRIPT_SANDBOXING = YES;
				GCC_C_LANGUAGE_STANDARD = gnu17;
				GCC_NO_COMMON_BLOCKS = YES;
				GCC_WARN_64_TO_32_BIT_CONVERSION = YES;
				GCC_WARN_ABOUT_RETURN_TYPE = YES_ERROR;
				GCC_WARN_UNDECLARED_SELECTOR = YES;
				GCC_WARN_UNINITIALIZED_AUTOS = YES_AGGRESSIVE;
				GCC_WARN_UNUSED_FUNCTION = YES;
				GCC_WARN_UNUSED_VARIABLE = YES;
				LOCALIZATION_PREFERS_STRING_CATALOGS = YES;
				MTL_ENABLE_DEBUG_INFO = NO;
				MTL_FAST_MATH = YES;
				SWIFT_COMPILATION_MODE = wholemodule;
			};
			name = Release;
		};
		BC3A4F362DC4D4AF00B7D0C6 /* Debug */ = {
			isa = XCBuildConfiguration;
			buildSettings = {
				ASSETCATALOG_COMPILER_APPICON_NAME = AppIcon;
				ASSETCATALOG_COMPILER_GLOBAL_ACCENT_COLOR_NAME = AccentColor;
				CODE_SIGN_ENTITLEMENTS = "Sammy/Supporting Files/Sammy.entitlements";
				CODE_SIGN_STYLE = Automatic;
				CURRENT_PROJECT_VERSION = 1;
				DEVELOPMENT_ASSET_PATHS = "\"Sammy/Supporting Files/Preview Content\"";
				ENABLE_PREVIEWS = YES;
				ENABLE_USER_SCRIPT_SANDBOXING = NO;
				GENERATE_INFOPLIST_FILE = YES;
				"INFOPLIST_KEY_UIApplicationSceneManifest_Generation[sdk=iphoneos*]" = YES;
				"INFOPLIST_KEY_UIApplicationSceneManifest_Generation[sdk=iphonesimulator*]" = YES;
				"INFOPLIST_KEY_UIApplicationSupportsIndirectInputEvents[sdk=iphoneos*]" = YES;
				"INFOPLIST_KEY_UIApplicationSupportsIndirectInputEvents[sdk=iphonesimulator*]" = YES;
				"INFOPLIST_KEY_UILaunchScreen_Generation[sdk=iphoneos*]" = YES;
				"INFOPLIST_KEY_UILaunchScreen_Generation[sdk=iphonesimulator*]" = YES;
				"INFOPLIST_KEY_UIStatusBarStyle[sdk=iphoneos*]" = UIStatusBarStyleDefault;
				"INFOPLIST_KEY_UIStatusBarStyle[sdk=iphonesimulator*]" = UIStatusBarStyleDefault;
				INFOPLIST_KEY_UISupportedInterfaceOrientations_iPad = "UIInterfaceOrientationPortrait UIInterfaceOrientationPortraitUpsideDown UIInterfaceOrientationLandscapeLeft UIInterfaceOrientationLandscapeRight";
				INFOPLIST_KEY_UISupportedInterfaceOrientations_iPhone = "UIInterfaceOrientationPortrait UIInterfaceOrientationLandscapeLeft UIInterfaceOrientationLandscapeRight";
				IPHONEOS_DEPLOYMENT_TARGET = 18.2;
				LD_RUNPATH_SEARCH_PATHS = "@executable_path/Frameworks";
				"LD_RUNPATH_SEARCH_PATHS[sdk=macosx*]" = "@executable_path/../Frameworks";
				MACOSX_DEPLOYMENT_TARGET = 15.2;
				MARKETING_VERSION = 1.0;
				PRODUCT_BUNDLE_IDENTIFIER = com.alexsolomon.Sammy;
				PRODUCT_NAME = "$(TARGET_NAME)";
				SDKROOT = auto;
				SUPPORTED_PLATFORMS = "iphoneos iphonesimulator macosx xros xrsimulator";
				SWIFT_EMIT_LOC_STRINGS = YES;
				SWIFT_VERSION = 5.0;
				TARGETED_DEVICE_FAMILY = "1,2,7";
				XROS_DEPLOYMENT_TARGET = 2.2;
			};
			name = Debug;
		};
		BC3A4F372DC4D4AF00B7D0C6 /* Release */ = {
			isa = XCBuildConfiguration;
			buildSettings = {
				ASSETCATALOG_COMPILER_APPICON_NAME = AppIcon;
				ASSETCATALOG_COMPILER_GLOBAL_ACCENT_COLOR_NAME = AccentColor;
				CODE_SIGN_ENTITLEMENTS = "Sammy/Supporting Files/Sammy.entitlements";
				CODE_SIGN_STYLE = Automatic;
				CURRENT_PROJECT_VERSION = 1;
				DEVELOPMENT_ASSET_PATHS = "\"Sammy/Supporting Files/Preview Content\"";
				ENABLE_PREVIEWS = YES;
				ENABLE_USER_SCRIPT_SANDBOXING = NO;
				GENERATE_INFOPLIST_FILE = YES;
				"INFOPLIST_KEY_UIApplicationSceneManifest_Generation[sdk=iphoneos*]" = YES;
				"INFOPLIST_KEY_UIApplicationSceneManifest_Generation[sdk=iphonesimulator*]" = YES;
				"INFOPLIST_KEY_UIApplicationSupportsIndirectInputEvents[sdk=iphoneos*]" = YES;
				"INFOPLIST_KEY_UIApplicationSupportsIndirectInputEvents[sdk=iphonesimulator*]" = YES;
				"INFOPLIST_KEY_UILaunchScreen_Generation[sdk=iphoneos*]" = YES;
				"INFOPLIST_KEY_UILaunchScreen_Generation[sdk=iphonesimulator*]" = YES;
				"INFOPLIST_KEY_UIStatusBarStyle[sdk=iphoneos*]" = UIStatusBarStyleDefault;
				"INFOPLIST_KEY_UIStatusBarStyle[sdk=iphonesimulator*]" = UIStatusBarStyleDefault;
				INFOPLIST_KEY_UISupportedInterfaceOrientations_iPad = "UIInterfaceOrientationPortrait UIInterfaceOrientationPortraitUpsideDown UIInterfaceOrientationLandscapeLeft UIInterfaceOrientationLandscapeRight";
				INFOPLIST_KEY_UISupportedInterfaceOrientations_iPhone = "UIInterfaceOrientationPortrait UIInterfaceOrientationLandscapeLeft UIInterfaceOrientationLandscapeRight";
				IPHONEOS_DEPLOYMENT_TARGET = 18.2;
				LD_RUNPATH_SEARCH_PATHS = "@executable_path/Frameworks";
				"LD_RUNPATH_SEARCH_PATHS[sdk=macosx*]" = "@executable_path/../Frameworks";
				MACOSX_DEPLOYMENT_TARGET = 15.2;
				MARKETING_VERSION = 1.0;
				PRODUCT_BUNDLE_IDENTIFIER = com.alexsolomon.Sammy;
				PRODUCT_NAME = "$(TARGET_NAME)";
				SDKROOT = auto;
				SUPPORTED_PLATFORMS = "iphoneos iphonesimulator macosx xros xrsimulator";
				SWIFT_EMIT_LOC_STRINGS = YES;
				SWIFT_VERSION = 5.0;
				TARGETED_DEVICE_FAMILY = "1,2,7";
				XROS_DEPLOYMENT_TARGET = 2.2;
			};
			name = Release;
		};
		BC3A4F392DC4D4AF00B7D0C6 /* Debug */ = {
			isa = XCBuildConfiguration;
			buildSettings = {
				BUNDLE_LOADER = "$(TEST_HOST)";
				CODE_SIGN_STYLE = Automatic;
				CURRENT_PROJECT_VERSION = 1;
				GENERATE_INFOPLIST_FILE = YES;
				IPHONEOS_DEPLOYMENT_TARGET = 18.2;
				MACOSX_DEPLOYMENT_TARGET = 15.2;
				MARKETING_VERSION = 1.0;
				PRODUCT_BUNDLE_IDENTIFIER = com.alexsolomon.SammyTests;
				PRODUCT_NAME = "$(TARGET_NAME)";
				SDKROOT = auto;
				SUPPORTED_PLATFORMS = "iphoneos iphonesimulator macosx xros xrsimulator";
				SWIFT_EMIT_LOC_STRINGS = NO;
				SWIFT_VERSION = 5.0;
				TARGETED_DEVICE_FAMILY = "1,2,7";
				TEST_HOST = "$(BUILT_PRODUCTS_DIR)/Sammy.app/$(BUNDLE_EXECUTABLE_FOLDER_PATH)/Sammy";
				XROS_DEPLOYMENT_TARGET = 2.2;
			};
			name = Debug;
		};
		BC3A4F3A2DC4D4AF00B7D0C6 /* Release */ = {
			isa = XCBuildConfiguration;
			buildSettings = {
				BUNDLE_LOADER = "$(TEST_HOST)";
				CODE_SIGN_STYLE = Automatic;
				CURRENT_PROJECT_VERSION = 1;
				GENERATE_INFOPLIST_FILE = YES;
				IPHONEOS_DEPLOYMENT_TARGET = 18.2;
				MACOSX_DEPLOYMENT_TARGET = 15.2;
				MARKETING_VERSION = 1.0;
				PRODUCT_BUNDLE_IDENTIFIER = com.alexsolomon.SammyTests;
				PRODUCT_NAME = "$(TARGET_NAME)";
				SDKROOT = auto;
				SUPPORTED_PLATFORMS = "iphoneos iphonesimulator macosx xros xrsimulator";
				SWIFT_EMIT_LOC_STRINGS = NO;
				SWIFT_VERSION = 5.0;
				TARGETED_DEVICE_FAMILY = "1,2,7";
				TEST_HOST = "$(BUILT_PRODUCTS_DIR)/Sammy.app/$(BUNDLE_EXECUTABLE_FOLDER_PATH)/Sammy";
				XROS_DEPLOYMENT_TARGET = 2.2;
			};
			name = Release;
		};
		BC3A4F3C2DC4D4AF00B7D0C6 /* Debug */ = {
			isa = XCBuildConfiguration;
			buildSettings = {
				CODE_SIGN_STYLE = Automatic;
				CURRENT_PROJECT_VERSION = 1;
				GENERATE_INFOPLIST_FILE = YES;
				IPHONEOS_DEPLOYMENT_TARGET = 18.2;
				MACOSX_DEPLOYMENT_TARGET = 15.2;
				MARKETING_VERSION = 1.0;
				PRODUCT_BUNDLE_IDENTIFIER = com.alexsolomon.SammyUITests;
				PRODUCT_NAME = "$(TARGET_NAME)";
				SDKROOT = auto;
				SUPPORTED_PLATFORMS = "iphoneos iphonesimulator macosx xros xrsimulator";
				SWIFT_EMIT_LOC_STRINGS = NO;
				SWIFT_VERSION = 5.0;
				TARGETED_DEVICE_FAMILY = "1,2,7";
				TEST_TARGET_NAME = Sammy;
				XROS_DEPLOYMENT_TARGET = 2.2;
			};
			name = Debug;
		};
		BC3A4F3D2DC4D4AF00B7D0C6 /* Release */ = {
			isa = XCBuildConfiguration;
			buildSettings = {
				CODE_SIGN_STYLE = Automatic;
				CURRENT_PROJECT_VERSION = 1;
				GENERATE_INFOPLIST_FILE = YES;
				IPHONEOS_DEPLOYMENT_TARGET = 18.2;
				MACOSX_DEPLOYMENT_TARGET = 15.2;
				MARKETING_VERSION = 1.0;
				PRODUCT_BUNDLE_IDENTIFIER = com.alexsolomon.SammyUITests;
				PRODUCT_NAME = "$(TARGET_NAME)";
				SDKROOT = auto;
				SUPPORTED_PLATFORMS = "iphoneos iphonesimulator macosx xros xrsimulator";
				SWIFT_EMIT_LOC_STRINGS = NO;
				SWIFT_VERSION = 5.0;
				TARGETED_DEVICE_FAMILY = "1,2,7";
				TEST_TARGET_NAME = Sammy;
				XROS_DEPLOYMENT_TARGET = 2.2;
			};
			name = Release;
		};
/* End XCBuildConfiguration section */

/* Begin XCConfigurationList section */
		BC3A4F0B2DC4D4AD00B7D0C6 /* Build configuration list for PBXProject "Sammy" */ = {
			isa = XCConfigurationList;
			buildConfigurations = (
				BC3A4F332DC4D4AF00B7D0C6 /* Debug */,
				BC3A4F342DC4D4AF00B7D0C6 /* Release */,
			);
			defaultConfigurationIsVisible = 0;
			defaultConfigurationName = Release;
		};
		BC3A4F352DC4D4AF00B7D0C6 /* Build configuration list for PBXNativeTarget "Sammy" */ = {
			isa = XCConfigurationList;
			buildConfigurations = (
				BC3A4F362DC4D4AF00B7D0C6 /* Debug */,
				BC3A4F372DC4D4AF00B7D0C6 /* Release */,
			);
			defaultConfigurationIsVisible = 0;
			defaultConfigurationName = Release;
		};
		BC3A4F382DC4D4AF00B7D0C6 /* Build configuration list for PBXNativeTarget "SammyTests" */ = {
			isa = XCConfigurationList;
			buildConfigurations = (
				BC3A4F392DC4D4AF00B7D0C6 /* Debug */,
				BC3A4F3A2DC4D4AF00B7D0C6 /* Release */,
			);
			defaultConfigurationIsVisible = 0;
			defaultConfigurationName = Release;
		};
		BC3A4F3B2DC4D4AF00B7D0C6 /* Build configuration list for PBXNativeTarget "SammyUITests" */ = {
			isa = XCConfigurationList;
			buildConfigurations = (
				BC3A4F3C2DC4D4AF00B7D0C6 /* Debug */,
				BC3A4F3D2DC4D4AF00B7D0C6 /* Release */,
			);
			defaultConfigurationIsVisible = 0;
			defaultConfigurationName = Release;
		};
/* End XCConfigurationList section */

/* Begin XCLocalSwiftPackageReference section */
		BC1467B32DCBDF8B008C7874 /* XCLocalSwiftPackageReference "Modules/Storage" */ = {
			isa = XCLocalSwiftPackageReference;
			relativePath = Modules/Storage;
		};
		BC3A50F02DC53BD500B7D0C6 /* XCLocalSwiftPackageReference "Modules/Networking" */ = {
			isa = XCLocalSwiftPackageReference;
			relativePath = Modules/Networking;
		};
		BC3A50F32DC53D3800B7D0C6 /* XCLocalSwiftPackageReference "Modules/Models" */ = {
			isa = XCLocalSwiftPackageReference;
			relativePath = Modules/Models;
		};
		BCA6029D2E18518500B8B04B /* XCLocalSwiftPackageReference "Modules/Domain" */ = {
			isa = XCLocalSwiftPackageReference;
			relativePath = Modules/Domain;
		};
/* End XCLocalSwiftPackageReference section */

/* Begin XCRemoteSwiftPackageReference section */
		BC4EB97D2DD7B3D8003956BF /* XCRemoteSwiftPackageReference "SwiftyGif" */ = {
			isa = XCRemoteSwiftPackageReference;
			repositoryURL = "https://github.com/alexiscreuzot/SwiftyGif.git";
			requirement = {
				kind = exactVersion;
				version = 5.4.5;
			};
		};
		BC4EB9902DD7BE21003956BF /* XCRemoteSwiftPackageReference "Factory" */ = {
			isa = XCRemoteSwiftPackageReference;
			repositoryURL = "https://github.com/hmlongco/Factory";
			requirement = {
				kind = exactVersion;
				version = 2.5.3;
			};
		};
/* End XCRemoteSwiftPackageReference section */

/* Begin XCSwiftPackageProductDependency section */
		BC1467B42DCBDF8B008C7874 /* Storage */ = {
			isa = XCSwiftPackageProductDependency;
			productName = Storage;
		};
		BC3A50F12DC53BD500B7D0C6 /* Networking */ = {
			isa = XCSwiftPackageProductDependency;
			productName = Networking;
		};
		BC3A50F42DC53D3800B7D0C6 /* Models */ = {
			isa = XCSwiftPackageProductDependency;
			productName = Models;
		};
		BC4EB97E2DD7B3D8003956BF /* SwiftyGif */ = {
			isa = XCSwiftPackageProductDependency;
			package = BC4EB97D2DD7B3D8003956BF /* XCRemoteSwiftPackageReference "SwiftyGif" */;
			productName = SwiftyGif;
		};
		BC4EB9912DD7BE21003956BF /* Factory */ = {
			isa = XCSwiftPackageProductDependency;
			package = BC4EB9902DD7BE21003956BF /* XCRemoteSwiftPackageReference "Factory" */;
			productName = Factory;
		};
		BC4EB9932DD7BE21003956BF /* FactoryTesting */ = {
			isa = XCSwiftPackageProductDependency;
			package = BC4EB9902DD7BE21003956BF /* XCRemoteSwiftPackageReference "Factory" */;
			productName = FactoryTesting;
		};
		BCA6029E2E18518500B8B04B /* Domain */ = {
			isa = XCSwiftPackageProductDependency;
			productName = Domain;
		};
/* End XCSwiftPackageProductDependency section */
	};
	rootObject = BC3A4F082DC4D4AD00B7D0C6 /* Project object */;
}
